<?xml version="1.0" encoding="utf-8"?>
<Project ToolsVersion="4.0" xmlns="http://schemas.microsoft.com/developer/msbuild/2003">
  <ItemGroup>
    <Filter Include="Source">
      <UniqueIdentifier>{bcfc70fb-58dd-4f83-a67c-7fc9ab507213}</UniqueIdentifier>
    </Filter>
    <Filter Include="Source\CUnit">
      <UniqueIdentifier>{747815a6-43b3-4795-981b-6f5ebb97d73d}</UniqueIdentifier>
    </Filter>
    <Filter Include="Source\CUnit\Headers">
      <UniqueIdentifier>{fb4efec6-a250-4364-aa53-ceffe324d7fc}</UniqueIdentifier>
    </Filter>
    <Filter Include="Source\CUnit\Source">
      <UniqueIdentifier>{d6ba3a58-efaa-490b-aa16-1f577c5dc1f7}</UniqueIdentifier>
    </Filter>
  </ItemGroup>
  <ItemGroup>
    <ClCompile Include="Source\Main.c">
      <Filter>Source</Filter>
    </ClCompile>
    <ClCompile Include="Source\CUnit\Sources\Automated\Automated.c">
      <Filter>Source\CUnit\Source</Filter>
    </ClCompile>
    <ClCompile Include="Source\CUnit\Sources\Basic\Basic.c">
      <Filter>Source\CUnit\Source</Filter>
    </ClCompile>
    <ClCompile Include="Source\CUnit\Sources\Console\Console.c">
      <Filter>Source\CUnit\Source</Filter>
    </ClCompile>
    <ClCompile Include="Source\CUnit\Sources\Framework\CUError.c">
      <Filter>Source\CUnit\Source</Filter>
    </ClCompile>
    <ClCompile Include="Source\CUnit\Sources\Framework\MyMem.c">
      <Filter>Source\CUnit\Source</Filter>
    </ClCompile>
    <ClCompile Include="Source\CUnit\Sources\Framework\TestDB.c">
      <Filter>Source\CUnit\Source</Filter>
    </ClCompile>
    <ClCompile Include="Source\CUnit\Sources\Framework\TestRun.c">
      <Filter>Source\CUnit\Source</Filter>
    </ClCompile>
    <ClCompile Include="Source\CUnit\Sources\Framework\Util.c">
      <Filter>Source\CUnit\Source</Filter>
    </ClCompile>
    <ClCompile Include="Source\CUnit\Sources\Win\Win.c">
      <Filter>Source\CUnit\Source</Filter>
    </ClCompile>
  </ItemGroup>
  <ItemGroup>
    <ClInclude Include="Source\HashTableTests.h">
      <Filter>Source</Filter>
    </ClInclude>
    <ClInclude Include="Source\CUnit\Headers\Automated.h">
      <Filter>Source\CUnit\Headers</Filter>
    </ClInclude>
    <ClInclude Include="Source\CUnit\Headers\Basic.h">
      <Filter>Source\CUnit\Headers</Filter>
    </ClInclude>
    <ClInclude Include="Source\CUnit\Headers\Console.h">
      <Filter>Source\CUnit\Headers</Filter>
    </ClInclude>
    <ClInclude Include="Source\CUnit\Headers\CUCurses.h">
      <Filter>Source\CUnit\Headers</Filter>
    </ClInclude>
    <ClInclude Include="Source\CUnit\Headers\CUError.h">
      <Filter>Source\CUnit\Headers</Filter>
    </ClInclude>
    <ClInclude Include="Source\CUnit\Headers\CUnit.h">
      <Filter>Source\CUnit\Headers</Filter>
    </ClInclude>
    <ClInclude Include="Source\CUnit\Headers\CUnit_intl.h">
      <Filter>Source\CUnit\Headers</Filter>
    </ClInclude>
    <ClInclude Include="Source\CUnit\Headers\MyMem.h">
      <Filter>Source\CUnit\Headers</Filter>
    </ClInclude>
    <ClInclude Include="Source\CUnit\Headers\TestDB.h">
      <Filter>Source\CUnit\Headers</Filter>
    </ClInclude>
    <ClInclude Include="Source\CUnit\Headers\TestRun.h">
      <Filter>Source\CUnit\Headers</Filter>
    </ClInclude>
    <ClInclude Include="Source\CUnit\Headers\Util.h">
      <Filter>Source\CUnit\Headers</Filter>
    </ClInclude>
    <ClInclude Include="Source\CUnit\Sources\Win\resource.h">
      <Filter>Source\CUnit\Source</Filter>
    </ClInclude>
    <ClInclude Include="Source\CUnit\Sources\Win\Win.h">
      <Filter>Source\CUnit\Source</Filter>
    </ClInclude>
    <ClInclude Include="Source\StateTests.h">
      <Filter>Source</Filter>
    </ClInclude>
  </ItemGroup>
</Project>